{
  "version": 1,
  "dependencies": {
    "net10.0-browser1.0": {
      "AtomUI.Desktop.Controls": {
        "type": "Direct",
        "requested": "[6.1.2, )",
        "resolved": "6.1.2",
        "contentHash": "3tQCCNDhPBBSI+4HHifz2wjEJi1hZDVeUCA0ZdLjpMl/USjPR01Zhs8F4t5xHkLevQuupKTBtlpYa4ZPHyoqpg==",
        "dependencies": {
          "AtomUI.Controls": "6.1.2",
          "AtomUI.Native": "6.1.2",
          "Avalonia.Desktop": "12.1.0",
          "Avalonia.Wayland": "12.1.0",
          "Avalonia.X11": "12.1.0",
          "ReactiveUI.Avalonia": "12.0.3"
        }
      },
      "AtomUI.Fonts.AlibabaSans": {
        "type": "Direct",
        "requested": "[6.1.2, )",
        "resolved": "6.1.2",
        "contentHash": "xCNDympFugCDU20OkOMcaeU3/TL2qnjiU8t0GlmxbYZNFhLZdGDs4q32cNN7E3iUdhEJhdyUamlBKyOpvmHOXw==",
        "dependencies": {
          "AtomUI.Core": "6.1.2"
        }
      },
      "Avalonia.Browser": {
        "type": "Direct",
        "requested": "[12.1.0, )",
        "resolved": "12.1.0",
        "contentHash": "EIzs1VyxXQhaNO9wxpKAqiDuO2TVGShYdHAMLr4rGCsBB4MQA0kZANU0HvrkQ6ZoqdN8He/6oSxciiD6qSqYCQ==",
        "dependencies": {
          "Avalonia": "12.1.0",
          "Avalonia.HarfBuzz": "12.1.0",
          "Avalonia.Skia": "12.1.0",
          "HarfBuzzSharp": "8.3.1.3",
          "SkiaSharp": "3.119.4"
        }
      },
      "Microsoft.NET.ILLink.Tasks": {
        "type": "Direct",
        "requested": "[10.0.8, )",
        "resolved": "10.0.8",
        "contentHash": "pUx+SO3xau+0L3zJoEXX86HjzEW9Y4gZlUXLJ9CXyD7yQDtyxF75qlFcKE4kneFBxF005BcVnhORAK/b1WE4cg=="
      },
      "Microsoft.NET.Sdk.WebAssembly.Pack": {
        "type": "Direct",
        "requested": "[10.0.10, )",
        "resolved": "10.0.10",
        "contentHash": "gvkxv3MsFo+okExR2N8eo1asV/xnfSSvp8duAGyQARar/V+OStp4QfkFI1Ek6SkT3k7U3+3XLj2nqDFJaEL8Cg=="
      },
      "AtomUI.Controls": {
        "type": "Transitive",
        "resolved": "6.1.2",
        "contentHash": "ydSdxXWGyti0khnyz3R6gvHxXXV24R7Jw6iLZaQqhzBWlOaZVwGG91o/szlCgpQ5AV5BFHq1ZbpLEKu5xsZ2tA==",
        "dependencies": {
          "AtomUI.Controls.Shared": "6.1.2",
          "AtomUI.Core": "6.1.2",
          "AtomUI.Fonts.AlibabaSans": "6.1.2",
          "AtomUI.Icons.AntDesign": "6.1.2",
          "Avalonia": "12.1.0",
          "SkiaSharp.QrCode": "0.12.0",
          "Svg.Controls.Avalonia": "12.0.0.5"
        }
      },
      "AtomUI.Controls.Shared": {
        "type": "Transitive",
        "resolved": "6.1.2",
        "contentHash": "x4kPJC91kO4KiTyI8Yca1l31P21WlZqst5noU92yXAy/U7ibKMHlwUgEm/xUpQoHPXH6C05hl24Jn2BzF3P2iw==",
        "dependencies": {
          "AtomUI.Core": "6.1.2",
          "Avalonia": "12.1.0"
        }
      },
      "AtomUI.Core": {
        "type": "Transitive",
        "resolved": "6.1.2",
        "contentHash": "hf9KrW50lp9Codb6gNEWy8RPWpYonVd95MkP9/D9AT+rGTAzrIL+S82GZa/RKM5uPplsJJmOtFBW6X18NV6Chw==",
        "dependencies": {
          "Avalonia": "12.1.0",
          "Avalonia.Native": "12.1.0",
          "Avalonia.Win32": "12.1.0",
          "Avalonia.X11": "12.1.0",
          "ReactiveUI.Avalonia": "12.0.3",
          "System.Reactive": "6.1.0"
        }
      },
      "AtomUI.Icons.AntDesign": {
        "type": "Transitive",
        "resolved": "6.1.2",
        "contentHash": "OYTSuhU/gkTlNiTkLcpuEKL1piwA/2WB8WiwfpPsnikIgBCBRQqjZfuzfrCueLdsNPwy3DYkdj18mTvsgNf14g==",
        "dependencies": {
          "AtomUI.Core": "6.1.2"
        }
      },
      "AtomUI.Native": {
        "type": "Transitive",
        "resolved": "6.1.2",
        "contentHash": "sIwvnpWH+O065bM9EI62+0OIK4vdVneJdJLQqYY0kfpSrw97CbIaX4e1Z0McDiPClrP5L9Ml/NrXra7OVHgoqg==",
        "dependencies": {
          "Avalonia": "12.1.0",
          "NWayland": "0.11.0"
        }
      },
      "Avalonia": {
        "type": "Transitive",
        "resolved": "12.1.0",
        "contentHash": "an4ugAy2q6GTdaFl635V8W/LKrWNL+mnSFUprbgyf8m1Zzf9WgoGaF5ajGv5i4gXefMZrzsUPV1QU+kKrgwCWg==",
        "dependencies": {
          "Avalonia.BuildServices": "11.3.2",
          "Avalonia.Remote.Protocol": "12.1.0",
          "MicroCom.Runtime": "0.11.6"
        }
      },
      "Avalonia.Angle.Windows.Natives": {
        "type": "Transitive",
        "resolved": "2.1.27548.20260419",
        "contentHash": "l17nI3XVDN3oMnpjf2pnmJg0YTwK4m6NLsn/itAjDMdObTFxN77D5F1M9sRMSfViSY3KKcse1ROczwgoWLJsnA=="
      },
      "Avalonia.BuildServices": {
        "type": "Transitive",
        "resolved": "11.3.2",
        "contentHash": "qHDToxto1e3hci5YqbG9n0Ty8mlp3zBUN5wT66wKqaDVzXyQ0do3EnRILd4Ke9jpvsktaPpgE0YjEk7hornryQ=="
      },
      "Avalonia.Desktop": {
        "type": "Transitive",
        "resolved": "12.1.0",
        "contentHash": "mxhz50At61IBQbB/bCo5JGp53rPi3GerGO9mFo/v93uBHa4J3cz3NSSqnVWSyQXKbPCwQhrogfEFWbKBgecy1w==",
        "dependencies": {
          "Avalonia": "12.1.0",
          "Avalonia.HarfBuzz": "12.1.0",
          "Avalonia.Native": "12.1.0",
          "Avalonia.Skia": "12.1.0",
          "Avalonia.Win32": "12.1.0",
          "Avalonia.X11": "12.1.0"
        }
      },
      "Avalonia.FreeDesktop": {
        "type": "Transitive",
        "resolved": "12.1.0",
        "contentHash": "89mrS7dSYtisJrjQufCOomHeAynlVVKZ+dq4leKtzHXXKVoWsE0Nb2ymiNYPMlirwzwpemflGj+K34opwyLeJQ==",
        "dependencies": {
          "Avalonia": "12.1.0",
          "Tmds.DBus.Protocol": "0.94.1"
        }
      },
      "Avalonia.FreeDesktop.AtSpi": {
        "type": "Transitive",
        "resolved": "12.1.0",
        "contentHash": "WWahMjzKtDl2PGHa8mS6NHIVMT+JNKVIeT5xMLp9SBTMvjHNpEbXTX3PNbbIQ7hRMSETAJ/PAnvgOzatGktEKQ==",
        "dependencies": {
          "Avalonia": "12.1.0"
        }
      },
      "Avalonia.HarfBuzz": {
        "type": "Transitive",
        "resolved": "12.1.0",
        "contentHash": "uWPa/kg+fmqhrUR5GzFC2ZL2MPszxcEy14hTSwu3VhjwTnaVarUozoPmggQjZG4A4s6w2bcGepsYYaCM/eOoMA==",
        "dependencies": {
          "Avalonia": "12.1.0",
          "HarfBuzzSharp": "8.3.1.3",
          "HarfBuzzSharp.NativeAssets.Linux": "8.3.1.3",
          "HarfBuzzSharp.NativeAssets.WebAssembly": "8.3.1.3"
        }
      },
      "Avalonia.Native": {
        "type": "Transitive",
        "resolved": "12.1.0",
        "contentHash": "mfNMtGP7rEVWSZoii0l40mlNhgNR6ZISTvHP7OAMn5YQHiK66EjfN26SL/kLnz1buy2VtMIiGVBbIttL8FYCZg==",
        "dependencies": {
          "Avalonia": "12.1.0"
        }
      },
      "Avalonia.Remote.Protocol": {
        "type": "Transitive",
        "resolved": "12.1.0",
        "contentHash": "p6OKt6O7vOub4TS2pAjaeW0Y13oxrPs4uixeVZpJByiSQKKk+LyApN5yRy2JerpfTMtI86Y5pNwugyKTHZJnAw=="
      },
      "Avalonia.Skia": {
        "type": "Transitive",
        "resolved": "12.1.0",
        "contentHash": "K63pwExQkcjVbsYJOiOq0hYAO4G5d7T42yK8MGNrvwBKv/bJVlV14jGvV4wXcsuYAU8IWlOHgqq5sMUiDfj4vw==",
        "dependencies": {
          "Avalonia": "12.1.0",
          "HarfBuzzSharp": "8.3.1.3",
          "HarfBuzzSharp.NativeAssets.Linux": "8.3.1.3",
          "HarfBuzzSharp.NativeAssets.WebAssembly": "8.3.1.3",
          "SkiaSharp": "3.119.4",
          "SkiaSharp.NativeAssets.Linux": "3.119.4",
          "SkiaSharp.NativeAssets.WebAssembly": "3.119.4"
        }
      },
      "Avalonia.Wayland": {
        "type": "Transitive",
        "resolved": "12.1.0",
        "contentHash": "0iXpawep1Mga0PdxdTXwp1kbhg7wV1fqfAYIkKsXTxuczs8n8nuUUMhr8CPTYJm+RX0LDnadZkyDnXlV+9cmJw==",
        "dependencies": {
          "Avalonia": "12.1.0",
          "Avalonia.FreeDesktop": "12.1.0",
          "NWayland": "0.11.0"
        }
      },
      "Avalonia.Win32": {
        "type": "Transitive",
        "resolved": "12.1.0",
        "contentHash": "D0xxPtFeOK8cKK991ul92rlFtDO3II0E44dHM0ix4/8LVc9+1LaMdbf1eMnp1RclFwX2bt7HPhbySnrG5uArxA==",
        "dependencies": {
          "Avalonia": "12.1.0",
          "Avalonia.Angle.Windows.Natives": "2.1.27548.20260419"
        }
      },
      "Avalonia.X11": {
        "type": "Transitive",
        "resolved": "12.1.0",
        "contentHash": "6+YHVGf44ictmGj88diMCw9pC9tiwnMlUgosDi0VDmyUQFuy/mJIa4J0rZu6G+UMbjGuyLDQLmtvU4tTOhLMPg==",
        "dependencies": {
          "Avalonia": "12.1.0",
          "Avalonia.FreeDesktop": "12.1.0",
          "Avalonia.FreeDesktop.AtSpi": "12.1.0",
          "Avalonia.Skia": "12.1.0"
        }
      },
      "DynamicData": {
        "type": "Transitive",
        "resolved": "9.4.31",
        "contentHash": "w2bT92Z5ADtnmtKiC9mzk21h7MtXtZEQKWFyytuHqhPBo7rKPWnvFk/xy1M/VA6XQTbCjRWMNV795w+RizFn4g==",
        "dependencies": {
          "System.Reactive": "6.1.0"
        }
      },
      "ExCSS": {
        "type": "Transitive",
        "resolved": "4.3.1",
        "contentHash": "A8UtcghHQlWxPJhJF5bsfEYO7068JHGTuJ7tzyyMjd5fE/N/xY1cVOUhzuLLFwMOCJVnM4mqSQc93W9fGfZ1kA=="
      },
      "HarfBuzzSharp": {
        "type": "Transitive",
        "resolved": "8.3.1.3",
        "contentHash": "NGZ2+ZVNPM+NdHB/asW0/ykWngyHWwcqjrbN2nDeH1B/aptPGlCUl8wkQ2cSJxw5fdWgdmIPmNuTPWpLwNVXWg==",
        "dependencies": {
          "HarfBuzzSharp.NativeAssets.Win32": "8.3.1.3",
          "HarfBuzzSharp.NativeAssets.macOS": "8.3.1.3"
        }
      },
      "HarfBuzzSharp.NativeAssets.Linux": {
        "type": "Transitive",
        "resolved": "8.3.1.3",
        "contentHash": "RI6A1LgmooU30+4QIyFt5rmBCzP0VzTR+587IJSGvYIsHHWlahFufihYxtraLfsIhW7I8dn6+xX+DZGygOPKWQ=="
      },
      "HarfBuzzSharp.NativeAssets.macOS": {
        "type": "Transitive",
        "resolved": "8.3.1.3",
        "contentHash": "KPTq0xnslkI6nAo0jh3ptcQPJvZZr7MWYXa2jUe4SnHc9q+JlHElmNXp0sfFoiTgoCX7WOYpYsurypuH9Gehxw=="
      },
      "HarfBuzzSharp.NativeAssets.WebAssembly": {
        "type": "Transitive",
        "resolved": "8.3.1.3",
        "contentHash": "w2QfdNm9Uz/sUa0B5D+OnVQhyq3G/fBq6ibQMdWBlQqqwh0g0/5j3RFvYqZAmRZ5+RzvjVe8o8SFFnWYUSkuxA=="
      },
      "HarfBuzzSharp.NativeAssets.Win32": {
        "type": "Transitive",
        "resolved": "8.3.1.3",
        "contentHash": "bx8CE8Js+XGX8PUxAHCBDEORt5aaBYtMN4Hr9QFs57Xithh6yjUyYqksizH6eRDhJkwsGI+SXWmPmMm8lZC9Pw=="
      },
      "MicroCom.Runtime": {
        "type": "Transitive",
        "resolved": "0.11.6",
        "contentHash": "NdNWGDiZ6eS/Mf/9+QHR91cj1K7Hy+PX9yrHI/zM7xFYuj9IWT2uxtB6sCHjrnxAeLV9fut1R6zHDUGKX6f9lQ=="
      },
      "NWayland": {
        "type": "Transitive",
        "resolved": "0.11.0",
        "contentHash": "sTqw0WWcFd/UsF9JoWDn76+2CrCMrNZgR9jgTCqx2WTaSc/UmQ0pgo9Cbn/CRoEyXv+lIHhMygzFexv5p9ve8g=="
      },
      "ReactiveUI": {
        "type": "Transitive",
        "resolved": "23.2.28",
        "contentHash": "9sSuHnMcLTLhgMTQpQO6Jhz9Cbub3Pg44i6FS4Ot4UtbV8dpwMH3JGzGjT72oav4aSrJlmzbFyI87gX55oPzLA==",
        "dependencies": {
          "DynamicData": "9.4.31",
          "Splat": "19.4.1",
          "System.Reactive": "6.1.0"
        }
      },
      "ReactiveUI.Avalonia": {
        "type": "Transitive",
        "resolved": "12.0.3",
        "contentHash": "mmUZb8I+0dN7DlJ1Y8KmrB3AK7QH377GjBug1mcbVbMVMlqnokjXVUE0KThn1H0eKpnyjY9CHzrjIf0rCgRgFg==",
        "dependencies": {
          "Avalonia": "12.0.4",
          "ReactiveUI": "23.2.28",
          "Splat": "19.4.1"
        }
      },
      "ShimSkiaSharp": {
        "type": "Transitive",
        "resolved": "4.5.0",
        "contentHash": "RfQcMCXfdmaMdxeXzKV9jSev0kMqW6ea6AmQqCKW+oafiC5dFtx496h4BYqEwX0G84VINrA5UvLyA5W/jgr2ew=="
      },
      "SkiaSharp": {
        "type": "Transitive",
        "resolved": "3.119.4",
        "contentHash": "53NOSUZ1Us+91Sm0uCkIivh/k7jOowRErZT2sIWwPFN9mLUvdxnE6rS4sWo4255+Rd2MWUSF+j0NMZHD6Cke+Q==",
        "dependencies": {
          "SkiaSharp.NativeAssets.Win32": "3.119.4",
          "SkiaSharp.NativeAssets.macOS": "3.119.4"
        }
      },
      "SkiaSharp.NativeAssets.Linux": {
        "type": "Transitive",
        "resolved": "3.119.4",
        "contentHash": "UAyVzbqNfZsZbKbzj68zXLyUyF/SbTKmzTfOO6qDu++dtIUMMTzPBe8oOuzU/DiewpfKoUUlOSsJmqWc6blxBw=="
      },
      "SkiaSharp.NativeAssets.macOS": {
        "type": "Transitive",
        "resolved": "3.119.4",
        "contentHash": "fgBOWEqbY012x7gMfJU4ezgz6dfhJb30Z6YdW35h85Zoe39+a8YNbAAwL29ihPfWoppg5AjvyKNzD1oCvlqWwA=="
      },
      "SkiaSharp.NativeAssets.WebAssembly": {
        "type": "Transitive",
        "resolved": "3.119.4",
        "contentHash": "S1HOxtBbD4bYDtA2e9WH5TX+lxqRrTPvKjrjttRhxnHNNu7YY8VFo/LeCP7tNqoTA6PV+8vsvNbmRUEC2ip8RQ=="
      },
      "SkiaSharp.NativeAssets.Win32": {
        "type": "Transitive",
        "resolved": "3.119.4",
        "contentHash": "XOpbx/4CReO2wYsq2s6rbvdauc6dntG4Zv499sHGTJ87bwZaFXszFkwql3+FIZMc8kUPeaj3Mx2ezIJmo8a1Kg=="
      },
      "SkiaSharp.QrCode": {
        "type": "Transitive",
        "resolved": "0.12.0",
        "contentHash": "DTSyBl/rJXcGbSuIzkv20pkTTPUaZbFmouWrOtHG0a2Ide0IsbU9o1mUJb1HsiOgUEK6aAX2+MzP0n7GPssiSA==",
        "dependencies": {
          "SkiaSharp": "3.119.1",
          "SkiaSharp.NativeAssets.Win32": "3.119.1",
          "SkiaSharp.NativeAssets.macOS": "3.119.1"
        }
      },
      "Splat": {
        "type": "Transitive",
        "resolved": "19.4.1",
        "contentHash": "3VJOloRQA3bgbAxyNAi4mvLAR/mKH3h1agN5pIrUXvp9lAA2/rvUgxOYjt+GZ4suouLfXxkeKcS/bRjSclo1LQ==",
        "dependencies": {
          "Splat.Builder": "19.4.1",
          "Splat.Logging": "19.4.1"
        }
      },
      "Splat.Builder": {
        "type": "Transitive",
        "resolved": "19.4.1",
        "contentHash": "9i0RLWEwfheI8aI17WaW8AJmNlFVi7LaX3XQwAavGqUaJJi7Vp5Eh9umWqVQYBLjs87ztVLmax/OMzMyW2igKQ==",
        "dependencies": {
          "Splat.Core": "19.4.1"
        }
      },
      "Splat.Core": {
        "type": "Transitive",
        "resolved": "19.4.1",
        "contentHash": "fOjcUDP9YzJPZnSDI2eBO+NwRoEJVFEkTGlh/tFa7GUXc5mtMcQdwak60Ju4DWvPSAfsxlu2geObmhZAQe1VLg=="
      },
      "Splat.Logging": {
        "type": "Transitive",
        "resolved": "19.4.1",
        "contentHash": "bvudJQxxMnHIa9dtZaUUCpvmd96rQxA0yjrZLoB4OSiAJpIxMCDCwnDmG6RhDyW2pS3O0xef2e1STY/oL1PqRw==",
        "dependencies": {
          "Splat.Core": "19.4.1"
        }
      },
      "Svg.Controls.Avalonia": {
        "type": "Transitive",
        "resolved": "12.0.0.5",
        "contentHash": "8F0dNmrBpmdwzAeSnBK6evyDCbw++1EkMB4WlF/MMih1XyYtfojIP44lazT8ZyWsJRbWNwx4P88wG5AjdLYqiA==",
        "dependencies": {
          "Avalonia": "12.0.0",
          "Svg.Model": "4.5.0",
          "Svg.SceneGraph": "4.5.0"
        }
      },
      "Svg.Custom": {
        "type": "Transitive",
        "resolved": "4.5.0",
        "contentHash": "XKd1NTKf+8XIu0xuNC83CA4vR/OL3vuYCU9R+HZ0R9yYeGqRAKMd+Um9XQ0Yi/4/zoXMe8fhoOSrYYTtuHuejw==",
        "dependencies": {
          "ExCSS": "4.3.1"
        }
      },
      "Svg.Model": {
        "type": "Transitive",
        "resolved": "4.5.0",
        "contentHash": "+Tdtfgazq5WtXox/8NBgnXeWL2224GW9P4t4qNgGW4MKbU5aJ4w2CWdR43BIueaeBlphPaW0UfjqI4xyQolSmw==",
        "dependencies": {
          "ShimSkiaSharp": "4.5.0",
          "Svg.Custom": "4.5.0"
        }
      },
      "Svg.SceneGraph": {
        "type": "Transitive",
        "resolved": "4.5.0",
        "contentHash": "mxkCFZOvMEXbuefEPeGBT5vcbjK4jc640ySur0LQynadwrvrQlf96ANXM0aPUg3/cvM3iYhuMA3QxVu/bgbSWw==",
        "dependencies": {
          "ShimSkiaSharp": "4.5.0",
          "Svg.Custom": "4.5.0",
          "Svg.Model": "4.5.0"
        }
      },
      "System.Reactive": {
        "type": "Transitive",
        "resolved": "6.1.0",
        "contentHash": "M5cCC1ZMkZr9jbSQGTHnVkb5TDN67qWCV7AP8TAHdGkvDlu0puT5NzemESNn9+HkYIDpWpocP68/i+/ame2/2w=="
      },
      "Tmds.DBus.Protocol": {
        "type": "Transitive",
        "resolved": "0.94.1",
        "contentHash": "11YMr7FnAbL83bQmVxlhbIKHvSLxjO81D12Ej0QMSGXMDTxNA9MTOa4MQxx43nv5el/efuPHwzyrj6a5ha2gug=="
      }
    },
    "net10.0-browser1.0/browser-wasm": {
      "Avalonia.Angle.Windows.Natives": {
        "type": "Transitive",
        "resolved": "2.1.27548.20260419",
        "contentHash": "l17nI3XVDN3oMnpjf2pnmJg0YTwK4m6NLsn/itAjDMdObTFxN77D5F1M9sRMSfViSY3KKcse1ROczwgoWLJsnA=="
      },
      "Avalonia.Native": {
        "type": "Transitive",
        "resolved": "12.1.0",
        "contentHash": "mfNMtGP7rEVWSZoii0l40mlNhgNR6ZISTvHP7OAMn5YQHiK66EjfN26SL/kLnz1buy2VtMIiGVBbIttL8FYCZg==",
        "dependencies": {
          "Avalonia": "12.1.0"
        }
      },
      "HarfBuzzSharp.NativeAssets.Linux": {
        "type": "Transitive",
        "resolved": "8.3.1.3",
        "contentHash": "RI6A1LgmooU30+4QIyFt5rmBCzP0VzTR+587IJSGvYIsHHWlahFufihYxtraLfsIhW7I8dn6+xX+DZGygOPKWQ=="
      },
      "HarfBuzzSharp.NativeAssets.macOS": {
        "type": "Transitive",
        "resolved": "8.3.1.3",
        "contentHash": "KPTq0xnslkI6nAo0jh3ptcQPJvZZr7MWYXa2jUe4SnHc9q+JlHElmNXp0sfFoiTgoCX7WOYpYsurypuH9Gehxw=="
      },
      "HarfBuzzSharp.NativeAssets.Win32": {
        "type": "Transitive",
        "resolved": "8.3.1.3",
        "contentHash": "bx8CE8Js+XGX8PUxAHCBDEORt5aaBYtMN4Hr9QFs57Xithh6yjUyYqksizH6eRDhJkwsGI+SXWmPmMm8lZC9Pw=="
      },
      "SkiaSharp.NativeAssets.Linux": {
        "type": "Transitive",
        "resolved": "3.119.4",
        "contentHash": "UAyVzbqNfZsZbKbzj68zXLyUyF/SbTKmzTfOO6qDu++dtIUMMTzPBe8oOuzU/DiewpfKoUUlOSsJmqWc6blxBw=="
      },
      "SkiaSharp.NativeAssets.macOS": {
        "type": "Transitive",
        "resolved": "3.119.4",
        "contentHash": "fgBOWEqbY012x7gMfJU4ezgz6dfhJb30Z6YdW35h85Zoe39+a8YNbAAwL29ihPfWoppg5AjvyKNzD1oCvlqWwA=="
      },
      "SkiaSharp.NativeAssets.Win32": {
        "type": "Transitive",
        "resolved": "3.119.4",
        "contentHash": "XOpbx/4CReO2wYsq2s6rbvdauc6dntG4Zv499sHGTJ87bwZaFXszFkwql3+FIZMc8kUPeaj3Mx2ezIJmo8a1Kg=="
      }
    }
  }
}